
Microsoft Visual Studio Solution File, Format Version 12.00
# Visual Studio Version 16
VisualStudioVersion = 16.0.31313.79
MinimumVisualStudioVersion = 10.0.40219.1
Project("{FAE04EC0-301F-11D3-BF4B-00C04F79EFBC}") = "Assignment2_UnitTest", "Assignment2_UnitTest\Assignment2_UnitTest.csproj", "{ABD5D8A0-84CB-42A6-8D05-7599B60DAC77}"
EndProject
Project("{FAE04EC0-301F-11D3-BF4B-00C04F79EFBC}") = "UnitTestAssignment1", "UnitTestAssignment1\UnitTestAssignment1.csproj", "{F16A956C-0F55-4690-9EB1-CA484EB6D9C1}"
EndProject
Global
	GlobalSection(SolutionConfigurationPlatforms) = preSolution
		Debug|Any CPU = Debug|Any CPU
		Release|Any CPU = Release|Any CPU
	EndGlobalSection
	GlobalSection(ProjectConfigurationPlatforms) = postSolution
		{ABD5D8A0-84CB-42A6-8D05-7599B60DAC77}.Debug|Any CPU.ActiveCfg = Debug|Any CPU
		{ABD5D8A0-84CB-42A6-8D05-7599B60DAC77}.Debug|Any CPU.Build.0 = Debug|Any CPU
		{ABD5D8A0-84CB-42A6-8D05-7599B60DAC77}.Release|Any CPU.ActiveCfg = Release|Any CPU
		{ABD5D8A0-84CB-42A6-8D05-7599B60DAC77}.Release|Any CPU.Build.0 = Release|Any CPU
		{F16A956C-0F55-4690-9EB1-CA484EB6D9C1}.Debug|Any CPU.ActiveCfg = Debug|Any CPU
		{F16A956C-0F55-4690-9EB1-CA484EB6D9C1}.Debug|Any CPU.Build.0 = Debug|Any CPU
		{F16A956C-0F55-4690-9EB1-CA484EB6D9C1}.Release|Any CPU.ActiveCfg = Release|Any CPU
		{F16A956C-0F55-4690-9EB1-CA484EB6D9C1}.Release|Any CPU.Build.0 = Release|Any CPU
	EndGlobalSection
	GlobalSection(SolutionProperties) = preSolution
		HideSolutionNode = FALSE
	EndGlobalSection
	GlobalSection(ExtensibilityGlobals) = postSolution
		SolutionGuid = {F551EC53-E8E0-4FED-9691-7F4A5BC1540A}
	EndGlobalSection
EndGlobal
